Microsoft Visual Studio Solution File, Format Version 12.00
# Visual Studio Version 17
VisualStudioVersion = 17.5.2.0
MinimumVisualStudioVersion = 10.0.40219.1
Project("{2150E333-8FDC-42A3-9474-1A3956D46DE8}") = "Jutch", "Jutch", "{21670F16-7144-B66C-C761-913F42AC1069}"
EndProject
Project("{FAE04EC0-301F-11D3-BF4B-00C04F79EFBC}") = "Assembly-CSharp", "Jutch\Assembly-CSharp.csproj", "{BE887D50-9419-DF5C-2E3E-C44BE5293B67}"
EndProject
Global
	GlobalSection(SolutionConfigurationPlatforms) = preSolution
		Debug|Any CPU = Debug|Any CPU
		Release|Any CPU = Release|Any CPU
	EndGlobalSection
	GlobalSection(ProjectConfigurationPlatforms) = postSolution
		{BE887D50-9419-DF5C-2E3E-C44BE5293B67}.Debug|Any CPU.ActiveCfg = Debug|Any CPU
		{BE887D50-9419-DF5C-2E3E-C44BE5293B67}.Debug|Any CPU.Build.0 = Debug|Any CPU
		{BE887D50-9419-DF5C-2E3E-C44BE5293B67}.Release|Any CPU.ActiveCfg = Release|Any CPU
		{BE887D50-9419-DF5C-2E3E-C44BE5293B67}.Release|Any CPU.Build.0 = Release|Any CPU
	EndGlobalSection
	GlobalSection(SolutionProperties) = preSolution
		HideSolutionNode = FALSE
	EndGlobalSection
	GlobalSection(NestedProjects) = preSolution
		{BE887D50-9419-DF5C-2E3E-C44BE5293B67} = {21670F16-7144-B66C-C761-913F42AC1069}
	EndGlobalSection
	GlobalSection(ExtensibilityGlobals) = postSolution
		SolutionGuid = {A528BFA7-AEC0-4E62-B59D-3E46199C5F8B}
	EndGlobalSection
EndGlobal
